
Microsoft Visual Studio Solution File, Format Version 12.00
# Visual Studio 2012
Project("{FAE04EC0-301F-11D3-BF4B-00C04F79EFBC}") = "Composite", "Composite\Composite.csproj", "{7CEAD477-0171-42FA-B9FC-7A8EFE2C6E2D}"
EndProject
Global
	GlobalSection(SolutionConfigurationPlatforms) = preSolution
		Debug|Any CPU = Debug|Any CPU
		Release|Any CPU = Release|Any CPU
	EndGlobalSection
	GlobalSection(ProjectConfigurationPlatforms) = postSolution
		{7CEAD477-0171-42FA-B9FC-7A8EFE2C6E2D}.Debug|Any CPU.ActiveCfg = Debug|Any CPU
		{7CEAD477-0171-42FA-B9FC-7A8EFE2C6E2D}.Debug|Any CPU.Build.0 = Debug|Any CPU
		{7CEAD477-0171-42FA-B9FC-7A8EFE2C6E2D}.Release|Any CPU.ActiveCfg = Release|Any CPU
		{7CEAD477-0171-42FA-B9FC-7A8EFE2C6E2D}.Release|Any CPU.Build.0 = Release|Any CPU
	EndGlobalSection
	GlobalSection(SolutionProperties) = preSolution
		HideSolutionNode = FALSE
	EndGlobalSection
EndGlobal
